
Microsoft Visual Studio Solution File, Format Version 12.00
# Visual Studio Version 17
VisualStudioVersion = 17.2.32630.192
MinimumVisualStudioVersion = 10.0.40219.1
Project("{9A19103F-16F7-4668-BE54-9A1E7A4F7556}") = "Admin", "Admin\Admin.csproj", "{96BD5CE0-1220-461D-9CAD-5E02794F2B33}"
EndProject
Project("{FAE04EC0-301F-11D3-BF4B-00C04F79EFBC}") = "Client", "Client\Client.csproj", "{8754ADCD-C476-4D4A-939C-FF754361A250}"
EndProject
Global
	GlobalSection(SolutionConfigurationPlatforms) = preSolution
		Debug|Any CPU = Debug|Any CPU
		Release|Any CPU = Release|Any CPU
	EndGlobalSection
	GlobalSection(ProjectConfigurationPlatforms) = postSolution
		{96BD5CE0-1220-461D-9CAD-5E02794F2B33}.Debug|Any CPU.ActiveCfg = Debug|Any CPU
		{96BD5CE0-1220-461D-9CAD-5E02794F2B33}.Debug|Any CPU.Build.0 = Debug|Any CPU
		{96BD5CE0-1220-461D-9CAD-5E02794F2B33}.Release|Any CPU.ActiveCfg = Release|Any CPU
		{96BD5CE0-1220-461D-9CAD-5E02794F2B33}.Release|Any CPU.Build.0 = Release|Any CPU
		{8754ADCD-C476-4D4A-939C-FF754361A250}.Debug|Any CPU.ActiveCfg = Debug|Any CPU
		{8754ADCD-C476-4D4A-939C-FF754361A250}.Debug|Any CPU.Build.0 = Debug|Any CPU
		{8754ADCD-C476-4D4A-939C-FF754361A250}.Release|Any CPU.ActiveCfg = Release|Any CPU
		{8754ADCD-C476-4D4A-939C-FF754361A250}.Release|Any CPU.Build.0 = Release|Any CPU
	EndGlobalSection
	GlobalSection(SolutionProperties) = preSolution
		HideSolutionNode = FALSE
	EndGlobalSection
	GlobalSection(ExtensibilityGlobals) = postSolution
		SolutionGuid = {E3C3A57C-9920-47AE-A72C-D3B24A84FB68}
	EndGlobalSection
EndGlobal
